
Microsoft Visual Studio Solution File, Format Version 12.00
# Visual Studio 15
VisualStudioVersion = 15.0.28307.168
MinimumVisualStudioVersion = 10.0.40219.1
Project("{FAE04EC0-301F-11D3-BF4B-00C04F79EFBC}") = "SmartVisitInNepal", "SmartVisitInNepal\SmartVisitInNepal.csproj", "{52E26031-565B-46FB-9E78-5B9AFB91B978}"
EndProject
Global
	GlobalSection(SolutionConfigurationPlatforms) = preSolution
		Debug|Any CPU = Debug|Any CPU
		Release|Any CPU = Release|Any CPU
	EndGlobalSection
	GlobalSection(ProjectConfigurationPlatforms) = postSolution
		{52E26031-565B-46FB-9E78-5B9AFB91B978}.Debug|Any CPU.ActiveCfg = Debug|Any CPU
		{52E26031-565B-46FB-9E78-5B9AFB91B978}.Debug|Any CPU.Build.0 = Debug|Any CPU
		{52E26031-565B-46FB-9E78-5B9AFB91B978}.Release|Any CPU.ActiveCfg = Release|Any CPU
		{52E26031-565B-46FB-9E78-5B9AFB91B978}.Release|Any CPU.Build.0 = Release|Any CPU
	EndGlobalSection
	GlobalSection(SolutionProperties) = preSolution
		HideSolutionNode = FALSE
	EndGlobalSection
	GlobalSection(ExtensibilityGlobals) = postSolution
		SolutionGuid = {D20AC871-09A0-47E6-AEC3-A359603137FE}
	EndGlobalSection
EndGlobal
